# This file is automatically @generated by Cargo.
# It is not intended for manual editing.
version = 4

[[package]]
name = "aho-corasick"
version = "1.1.4"
source = "registry+https://github.com/rust-lang/crates.io-index"
checksum = "ddd31a130427c27518df266943a5308ed92d4b226cc639f5a8f1002816174301"
dependencies = [
 "memchr",
]

[[package]]
name = "anyhow"
version = "1.0.102"
source = "registry+https://github.com/rust-lang/crates.io-index"
checksum = "7f202df86484c868dbad7eaa557ef785d5c66295e41b460ef922eca0723b842c"

[[package]]
name = "approx"
version = "0.5.1"
source = "registry+https://github.com/rust-lang/crates.io-index"
checksum = "cab112f0a86d568ea0e627cc1d6be74a1e9cd55214684db5561995f6dad897c6"
dependencies = [
 "num-traits",
]

[[package]]
name = "autocfg"
version = "1.5.0"
source = "registry+https://github.com/rust-lang/crates.io-index"
checksum = "c08606f8c3cbf4ce6ec8e28fb0014a2c086708fe954eaa885384a6165172e7e8"

[[package]]
name = "bench-vs-libxc"
version = "0.1.0"
dependencies = [
 "libxc-core",
 "libxc-reval",
 "libxc-sys",
 "rayon",
]

[[package]]
name = "bindgen"
version = "0.72.1"
source = "registry+https://github.com/rust-lang/crates.io-index"
checksum = "993776b509cfb49c750f11b8f07a46fa23e0a1386ffc01fb1e7d343efc387895"
dependencies = [
 "bitflags",
 "cexpr",
 "clang-sys",
 "itertools",
 "log",
 "prettyplease",
 "proc-macro2",
 "quote",
 "regex",
 "rustc-hash",
 "shlex",
 "syn",
]

[[package]]
name = "bitflags"
version = "2.11.1"
source = "registry+https://github.com/rust-lang/crates.io-index"
checksum = "c4512299f36f043ab09a583e57bceb5a5aab7a73db1805848e8fef3c9e8c78b3"

[[package]]
name = "bytemuck"
version = "1.25.0"
source = "registry+https://github.com/rust-lang/crates.io-index"
checksum = "c8efb64bd706a16a1bdde310ae86b351e4d21550d98d056f22f8a7f7a2183fec"
dependencies = [
 "bytemuck_derive",
]

[[package]]
name = "bytemuck_derive"
version = "1.10.2"
source = "registry+https://github.com/rust-lang/crates.io-index"
checksum = "f9abbd1bc6865053c427f7198e6af43bfdedc55ab791faed4fbd361d789575ff"
dependencies = [
 "proc-macro2",
 "quote",
 "syn",
]

[[package]]
name = "cc"
version = "1.2.62"
source = "registry+https://github.com/rust-lang/crates.io-index"
checksum = "a1dce859f0832a7d088c4f1119888ab94ef4b5d6795d1ce05afb7fe159d79f98"
dependencies = [
 "find-msvc-tools",
 "shlex",
]

[[package]]
name = "cexpr"
version = "0.6.0"
source = "registry+https://github.com/rust-lang/crates.io-index"
checksum = "6fac387a98bb7c37292057cffc56d62ecb629900026402633ae9160df93a8766"
dependencies = [
 "nom",
]

[[package]]
name = "cfg-if"
version = "1.0.4"
source = "registry+https://github.com/rust-lang/crates.io-index"
checksum = "9330f8b2ff13f34540b44e946ef35111825727b38d33286ef986142615121801"

[[package]]
name = "clang-sys"
version = "1.8.1"
source = "registry+https://github.com/rust-lang/crates.io-index"
checksum = "0b023947811758c97c59bf9d1c188fd619ad4718dcaa767947df1cadb14f39f4"
dependencies = [
 "glob",
 "libc",
 "libloading",
]

[[package]]
name = "cmake"
version = "0.1.58"
source = "registry+https://github.com/rust-lang/crates.io-index"
checksum = "c0f78a02292a74a88ac736019ab962ece0bc380e3f977bf72e376c5d78ff0678"
dependencies = [
 "cc",
]

[[package]]
name = "crossbeam-deque"
version = "0.8.7"
source = "registry+https://github.com/rust-lang/crates.io-index"
checksum = "5181e0de7b61eb03a81e347d6dd8797bae9da5146707b51077e2d71a54ec0ceb"
dependencies = [
 "crossbeam-epoch",
 "crossbeam-utils",
]

[[package]]
name = "crossbeam-epoch"
version = "0.9.20"
source = "registry+https://github.com/rust-lang/crates.io-index"
checksum = "2d6914041f254d6e9176c01941b21115dcfb7089e55135a35411081bd106ef3f"
dependencies = [
 "crossbeam-utils",
]

[[package]]
name = "crossbeam-utils"
version = "0.8.21"
source = "registry+https://github.com/rust-lang/crates.io-index"
checksum = "d0a5c400df2834b80a4c3327b3aad3a4c4cd4de0629063962b03235697506a28"

[[package]]
name = "either"
version = "1.15.0"
source = "registry+https://github.com/rust-lang/crates.io-index"
checksum = "48c757948c5ede0e46177b7add2e67155f70e33c07fea8284df6576da70b3719"

[[package]]
name = "find-msvc-tools"
version = "0.1.9"
source = "registry+https://github.com/rust-lang/crates.io-index"
checksum = "5baebc0774151f905a1a2cc41989300b1e6fbb29aff0ceffa1064fdd3088d582"

[[package]]
name = "glob"
version = "0.3.3"
source = "registry+https://github.com/rust-lang/crates.io-index"
checksum = "0cc23270f6e1808e30a928bdc84dea0b9b4136a8bc82338574f23baf47bbd280"

[[package]]
name = "itertools"
version = "0.13.0"
source = "registry+https://github.com/rust-lang/crates.io-index"
checksum = "413ee7dfc52ee1a4949ceeb7dbc8a33f2d6c088194d9f922fb8318faf1f01186"
dependencies = [
 "either",
]

[[package]]
name = "libc"
version = "0.2.186"
source = "registry+https://github.com/rust-lang/crates.io-index"
checksum = "68ab91017fe16c622486840e4c83c9a37afeff978bd239b5293d61ece587de66"

[[package]]
name = "libloading"
version = "0.8.9"
source = "registry+https://github.com/rust-lang/crates.io-index"
checksum = "d7c4b02199fee7c5d21a5ae7d8cfa79a6ef5bb2fc834d6e9058e89c825efdc55"
dependencies = [
 "cfg-if",
 "windows-link",
]

[[package]]
name = "libm"
version = "0.2.16"
source = "registry+https://github.com/rust-lang/crates.io-index"
checksum = "b6d2cec3eae94f9f509c767b45932f1ada8350c4bdb85af2fcab4a3c14807981"

[[package]]
name = "libxc-compat"
version = "0.1.0"
dependencies = [
 "libxc-core",
 "libxc-eval",
]

[[package]]
name = "libxc-core"
version = "0.1.0"
dependencies = [
 "bitflags",
 "bytemuck",
 "thiserror",
]

[[package]]
name = "libxc-eval"
version = "0.1.0"
dependencies = [
 "bytemuck",
 "libxc-core",
]

[[package]]
name = "libxc-reval"
version = "0.1.0"
dependencies = [
 "libxc-core",
 "libxc-rkernel-gga_c_acgga",
 "libxc-rkernel-gga_c_acggap",
 "libxc-rkernel-gga_c_ccdf",
 "libxc-rkernel-gga_c_chachiyo",
 "libxc-rkernel-gga_c_cs1",
 "libxc-rkernel-gga_c_ft97",
 "libxc-rkernel-gga_c_gapc",
 "libxc-rkernel-gga_c_gaploc",
 "libxc-rkernel-gga_c_hcth_a",
 "libxc-rkernel-gga_c_lyp",
 "libxc-rkernel-gga_c_op_b88",
 "libxc-rkernel-gga_c_op_g96",
 "libxc-rkernel-gga_c_op_pbe",
 "libxc-rkernel-gga_c_op_pw91",
 "libxc-rkernel-gga_c_op_xalpha",
 "libxc-rkernel-gga_c_pbeloc",
 "libxc-rkernel-gga_c_pw91",
 "libxc-rkernel-gga_c_q2d",
 "libxc-rkernel-gga_c_regtpss",
 "libxc-rkernel-gga_c_revtca",
 "libxc-rkernel-gga_c_scan_e0",
 "libxc-rkernel-gga_c_sg4",
 "libxc-rkernel-gga_c_tca",
 "libxc-rkernel-gga_c_w94",
 "libxc-rkernel-gga_c_wi",
 "libxc-rkernel-gga_c_wl",
 "libxc-rkernel-gga_c_zvpbeloc",
 "libxc-rkernel-gga_k_exp4",
 "libxc-rkernel-gga_k_lc94",
 "libxc-rkernel-gga_k_lkt",
 "libxc-rkernel-gga_k_meyer",
 "libxc-rkernel-gga_k_ol1",
 "libxc-rkernel-gga_k_pearson",
 "libxc-rkernel-gga_k_pw86",
 "libxc-rkernel-gga_k_thakkar",
 "libxc-rkernel-gga_k_vt84f",
 "libxc-rkernel-gga_x_2d_b86",
 "libxc-rkernel-gga_x_2d_b86_mgc",
 "libxc-rkernel-gga_x_2d_b88",
 "libxc-rkernel-gga_x_2d_pbe",
 "libxc-rkernel-gga_x_airy",
 "libxc-rkernel-gga_x_ak13",
 "libxc-rkernel-gga_x_b88",
 "libxc-rkernel-gga_x_bayesian",
 "libxc-rkernel-gga_x_beefvdw",
 "libxc-rkernel-gga_x_bpccac",
 "libxc-rkernel-gga_x_c09x",
 "libxc-rkernel-gga_x_chachiyo",
 "libxc-rkernel-gga_x_ev93",
 "libxc-rkernel-gga_x_fd_lb94",
 "libxc-rkernel-gga_x_g96",
 "libxc-rkernel-gga_x_gg99",
 "libxc-rkernel-gga_x_hcth_a",
 "libxc-rkernel-gga_x_herman",
 "libxc-rkernel-gga_x_htbs",
 "libxc-rkernel-gga_x_lag",
 "libxc-rkernel-gga_x_lg93",
 "libxc-rkernel-gga_x_lv_rpw86",
 "libxc-rkernel-gga_x_pbea",
 "libxc-rkernel-gga_x_pbepow",
 "libxc-rkernel-gga_x_pbetrans",
 "libxc-rkernel-gga_x_pw86",
 "libxc-rkernel-gga_x_pw91",
 "libxc-rkernel-gga_x_q1d",
 "libxc-rkernel-gga_x_q2d",
 "libxc-rkernel-gga_x_rge2",
 "libxc-rkernel-gga_x_sg4",
 "libxc-rkernel-gga_x_ssb_sw",
 "libxc-rkernel-gga_x_wc",
 "libxc-rkernel-gga_xc_th2",
 "libxc-rkernel-hyb_mgga_x_dldf",
 "libxc-rkernel-lda_c_1d_loos",
 "libxc-rkernel-lda_c_2d_amgb",
 "libxc-rkernel-lda_c_chachiyo",
 "libxc-rkernel-lda_c_chachiyo_mod",
 "libxc-rkernel-lda_c_gk72",
 "libxc-rkernel-lda_c_gombas",
 "libxc-rkernel-lda_c_lp96",
 "libxc-rkernel-lda_c_ml1",
 "libxc-rkernel-lda_c_rc04",
 "libxc-rkernel-lda_c_rpa",
 "libxc-rkernel-lda_c_vwn",
 "libxc-rkernel-lda_c_vwn_1",
 "libxc-rkernel-lda_c_vwn_2",
 "libxc-rkernel-lda_c_vwn_3",
 "libxc-rkernel-lda_c_vwn_4",
 "libxc-rkernel-lda_c_vwn_rpa",
 "libxc-rkernel-lda_c_w20",
 "libxc-rkernel-lda_c_wigner",
 "libxc-rkernel-lda_k_gds08_worker",
 "libxc-rkernel-lda_k_zlp",
 "libxc-rkernel-lda_x_2d",
 "libxc-rkernel-lda_x_rel",
 "libxc-rkernel-lda_x_sloc",
 "libxc-rkernel-lda_xc_teter93",
 "libxc-rkernel-lda_xc_zlp",
 "libxc-rkernel-mgga_c_b88",
 "libxc-rkernel-mgga_c_bc95",
 "libxc-rkernel-mgga_c_cc",
 "libxc-rkernel-mgga_c_ccalda",
 "libxc-rkernel-mgga_c_cs",
 "libxc-rkernel-mgga_c_kcis",
 "libxc-rkernel-mgga_c_kcisk",
 "libxc-rkernel-mgga_c_pkzb",
 "libxc-rkernel-mgga_c_r2scan",
 "libxc-rkernel-mgga_c_revscan",
 "libxc-rkernel-mgga_c_rmggac",
 "libxc-rkernel-mgga_c_rppscan",
 "libxc-rkernel-mgga_c_rregtm",
 "libxc-rkernel-mgga_c_rscan",
 "libxc-rkernel-mgga_c_scan",
 "libxc-rkernel-mgga_c_tpssloc",
 "libxc-rkernel-mgga_k_gea2",
 "libxc-rkernel-mgga_k_gea4",
 "libxc-rkernel-mgga_k_pc07",
 "libxc-rkernel-mgga_k_rda",
 "libxc-rkernel-mgga_x_2d_js17",
 "libxc-rkernel-mgga_x_2d_prhg07",
 "libxc-rkernel-mgga_x_br89",
 "libxc-rkernel-mgga_x_br89_explicit",
 "libxc-rkernel-mgga_x_edmgga",
 "libxc-rkernel-mgga_x_ft98",
 "libxc-rkernel-mgga_x_gvt4",
 "libxc-rkernel-mgga_x_jk",
 "libxc-rkernel-mgga_x_lta",
 "libxc-rkernel-mgga_x_mbeef",
 "libxc-rkernel-mgga_x_mbeefvdw",
 "libxc-rkernel-mgga_x_mbr",
 "libxc-rkernel-mgga_x_mbrxc_bg",
 "libxc-rkernel-mgga_x_mbrxh_bg",
 "libxc-rkernel-mgga_x_mcml",
 "libxc-rkernel-mgga_x_mggac",
 "libxc-rkernel-mgga_x_mvs",
 "libxc-rkernel-mgga_x_mvsb",
 "libxc-rkernel-mgga_x_pbe_gx",
 "libxc-rkernel-mgga_x_pkzb",
 "libxc-rkernel-mgga_x_r2scan",
 "libxc-rkernel-mgga_x_r4scan",
 "libxc-rkernel-mgga_x_regtm",
 "libxc-rkernel-mgga_x_regtpss",
 "libxc-rkernel-mgga_x_revtm",
 "libxc-rkernel-mgga_x_rlda",
 "libxc-rkernel-mgga_x_rppscan",
 "libxc-rkernel-mgga_x_rscan",
 "libxc-rkernel-mgga_x_rtpss",
 "libxc-rkernel-mgga_x_sa_tpss",
 "libxc-rkernel-mgga_x_scan",
 "libxc-rkernel-mgga_x_th",
 "libxc-rkernel-mgga_x_tm",
 "libxc-rkernel-mgga_x_tpss",
 "libxc-rkernel-mgga_x_vcml",
 "libxc-rkernel-mgga_x_vt84",
 "libxc-rkernel-mgga_xc_b98",
 "libxc-rkernel-mgga_xc_cc06",
 "libxc-rkernel-mgga_xc_lp90",
 "libxc-rkernel-mgga_xc_zlp",
 "rayon",
]

[[package]]
name = "libxc-rkernel-gga_c_acgga"
version = "0.1.0"
dependencies = [
 "libxc-rkernel-math",
]

[[package]]
name = "libxc-rkernel-gga_c_acggap"
version = "0.1.0"
dependencies = [
 "libxc-rkernel-math",
]

[[package]]
name = "libxc-rkernel-gga_c_ccdf"
version = "0.1.0"
dependencies = [
 "libxc-rkernel-math",
]

[[package]]
name = "libxc-rkernel-gga_c_chachiyo"
version = "0.1.0"
dependencies = [
 "libxc-rkernel-math",
]

[[package]]
name = "libxc-rkernel-gga_c_cs1"
version = "0.1.0"
dependencies = [
 "libxc-rkernel-math",
]

[[package]]
name = "libxc-rkernel-gga_c_ft97"
version = "0.1.0"
dependencies = [
 "libxc-rkernel-math",
]

[[package]]
name = "libxc-rkernel-gga_c_gapc"
version = "0.1.0"
dependencies = [
 "libxc-rkernel-math",
]

[[package]]
name = "libxc-rkernel-gga_c_gaploc"
version = "0.1.0"
dependencies = [
 "libxc-rkernel-math",
]

[[package]]
name = "libxc-rkernel-gga_c_hcth_a"
version = "0.1.0"
dependencies = [
 "libxc-rkernel-math",
]

[[package]]
name = "libxc-rkernel-gga_c_lyp"
version = "0.1.0"
dependencies = [
 "libxc-rkernel-math",
]

[[package]]
name = "libxc-rkernel-gga_c_op_b88"
version = "0.1.0"
dependencies = [
 "libxc-rkernel-math",
]

[[package]]
name = "libxc-rkernel-gga_c_op_g96"
version = "0.1.0"
dependencies = [
 "libxc-rkernel-math",
]

[[package]]
name = "libxc-rkernel-gga_c_op_pbe"
version = "0.1.0"
dependencies = [
 "libxc-rkernel-math",
]

[[package]]
name = "libxc-rkernel-gga_c_op_pw91"
version = "0.1.0"
dependencies = [
 "libxc-rkernel-math",
]

[[package]]
name = "libxc-rkernel-gga_c_op_xalpha"
version = "0.1.0"
dependencies = [
 "libxc-rkernel-math",
]

[[package]]
name = "libxc-rkernel-gga_c_pbeloc"
version = "0.1.0"
dependencies = [
 "libxc-rkernel-math",
]

[[package]]
name = "libxc-rkernel-gga_c_pw91"
version = "0.1.0"
dependencies = [
 "libxc-rkernel-math",
]

[[package]]
name = "libxc-rkernel-gga_c_q2d"
version = "0.1.0"
dependencies = [
 "libxc-rkernel-math",
]

[[package]]
name = "libxc-rkernel-gga_c_regtpss"
version = "0.1.0"
dependencies = [
 "libxc-rkernel-math",
]

[[package]]
name = "libxc-rkernel-gga_c_revtca"
version = "0.1.0"
dependencies = [
 "libxc-rkernel-math",
]

[[package]]
name = "libxc-rkernel-gga_c_scan_e0"
version = "0.1.0"
dependencies = [
 "libxc-rkernel-math",
]

[[package]]
name = "libxc-rkernel-gga_c_sg4"
version = "0.1.0"
dependencies = [
 "libxc-rkernel-math",
]

[[package]]
name = "libxc-rkernel-gga_c_tca"
version = "0.1.0"
dependencies = [
 "libxc-rkernel-math",
]

[[package]]
name = "libxc-rkernel-gga_c_w94"
version = "0.1.0"
dependencies = [
 "libxc-rkernel-math",
]

[[package]]
name = "libxc-rkernel-gga_c_wi"
version = "0.1.0"
dependencies = [
 "libxc-rkernel-math",
]

[[package]]
name = "libxc-rkernel-gga_c_wl"
version = "0.1.0"
dependencies = [
 "libxc-rkernel-math",
]

[[package]]
name = "libxc-rkernel-gga_c_zvpbeloc"
version = "0.1.0"
dependencies = [
 "libxc-rkernel-math",
]

[[package]]
name = "libxc-rkernel-gga_k_exp4"
version = "0.1.0"
dependencies = [
 "libxc-rkernel-math",
]

[[package]]
name = "libxc-rkernel-gga_k_lc94"
version = "0.1.0"
dependencies = [
 "libxc-rkernel-math",
]

[[package]]
name = "libxc-rkernel-gga_k_lkt"
version = "0.1.0"
dependencies = [
 "libxc-rkernel-math",
]

[[package]]
name = "libxc-rkernel-gga_k_meyer"
version = "0.1.0"
dependencies = [
 "libxc-rkernel-math",
]

[[package]]
name = "libxc-rkernel-gga_k_ol1"
version = "0.1.0"
dependencies = [
 "libxc-rkernel-math",
]

[[package]]
name = "libxc-rkernel-gga_k_pearson"
version = "0.1.0"
dependencies = [
 "libxc-rkernel-math",
]

[[package]]
name = "libxc-rkernel-gga_k_pw86"
version = "0.1.0"
dependencies = [
 "libxc-rkernel-math",
]

[[package]]
name = "libxc-rkernel-gga_k_thakkar"
version = "0.1.0"
dependencies = [
 "libxc-rkernel-math",
]

[[package]]
name = "libxc-rkernel-gga_k_vt84f"
version = "0.1.0"
dependencies = [
 "libxc-rkernel-math",
]

[[package]]
name = "libxc-rkernel-gga_x_2d_b86"
version = "0.1.0"
dependencies = [
 "libxc-rkernel-math",
]

[[package]]
name = "libxc-rkernel-gga_x_2d_b86_mgc"
version = "0.1.0"
dependencies = [
 "libxc-rkernel-math",
]

[[package]]
name = "libxc-rkernel-gga_x_2d_b88"
version = "0.1.0"
dependencies = [
 "libxc-rkernel-math",
]

[[package]]
name = "libxc-rkernel-gga_x_2d_pbe"
version = "0.1.0"
dependencies = [
 "libxc-rkernel-math",
]

[[package]]
name = "libxc-rkernel-gga_x_airy"
version = "0.1.0"
dependencies = [
 "libxc-rkernel-math",
]

[[package]]
name = "libxc-rkernel-gga_x_ak13"
version = "0.1.0"
dependencies = [
 "libxc-rkernel-math",
]

[[package]]
name = "libxc-rkernel-gga_x_b88"
version = "0.1.0"
dependencies = [
 "libxc-rkernel-math",
]

[[package]]
name = "libxc-rkernel-gga_x_bayesian"
version = "0.1.0"
dependencies = [
 "libxc-rkernel-math",
]

[[package]]
name = "libxc-rkernel-gga_x_beefvdw"
version = "0.1.0"
dependencies = [
 "libxc-rkernel-math",
]

[[package]]
name = "libxc-rkernel-gga_x_bpccac"
version = "0.1.0"
dependencies = [
 "libxc-rkernel-math",
]

[[package]]
name = "libxc-rkernel-gga_x_c09x"
version = "0.1.0"
dependencies = [
 "libxc-rkernel-math",
]

[[package]]
name = "libxc-rkernel-gga_x_chachiyo"
version = "0.1.0"
dependencies = [
 "libxc-rkernel-math",
]

[[package]]
name = "libxc-rkernel-gga_x_ev93"
version = "0.1.0"
dependencies = [
 "libxc-rkernel-math",
]

[[package]]
name = "libxc-rkernel-gga_x_fd_lb94"
version = "0.1.0"
dependencies = [
 "libxc-rkernel-math",
]

[[package]]
name = "libxc-rkernel-gga_x_g96"
version = "0.1.0"
dependencies = [
 "libxc-rkernel-math",
]

[[package]]
name = "libxc-rkernel-gga_x_gg99"
version = "0.1.0"
dependencies = [
 "libxc-rkernel-math",
]

[[package]]
name = "libxc-rkernel-gga_x_hcth_a"
version = "0.1.0"
dependencies = [
 "libxc-rkernel-math",
]

[[package]]
name = "libxc-rkernel-gga_x_herman"
version = "0.1.0"
dependencies = [
 "libxc-rkernel-math",
]

[[package]]
name = "libxc-rkernel-gga_x_htbs"
version = "0.1.0"
dependencies = [
 "libxc-rkernel-math",
]

[[package]]
name = "libxc-rkernel-gga_x_lag"
version = "0.1.0"
dependencies = [
 "libxc-rkernel-math",
]

[[package]]
name = "libxc-rkernel-gga_x_lg93"
version = "0.1.0"
dependencies = [
 "libxc-rkernel-math",
]

[[package]]
name = "libxc-rkernel-gga_x_lv_rpw86"
version = "0.1.0"
dependencies = [
 "libxc-rkernel-math",
]

[[package]]
name = "libxc-rkernel-gga_x_pbea"
version = "0.1.0"
dependencies = [
 "libxc-rkernel-math",
]

[[package]]
name = "libxc-rkernel-gga_x_pbepow"
version = "0.1.0"
dependencies = [
 "libxc-rkernel-math",
]

[[package]]
name = "libxc-rkernel-gga_x_pbetrans"
version = "0.1.0"
dependencies = [
 "libxc-rkernel-math",
]

[[package]]
name = "libxc-rkernel-gga_x_pw86"
version = "0.1.0"
dependencies = [
 "libxc-rkernel-math",
]

[[package]]
name = "libxc-rkernel-gga_x_pw91"
version = "0.1.0"
dependencies = [
 "libxc-rkernel-math",
]

[[package]]
name = "libxc-rkernel-gga_x_q1d"
version = "0.1.0"
dependencies = [
 "libxc-rkernel-math",
]

[[package]]
name = "libxc-rkernel-gga_x_q2d"
version = "0.1.0"
dependencies = [
 "libxc-rkernel-math",
]

[[package]]
name = "libxc-rkernel-gga_x_rge2"
version = "0.1.0"
dependencies = [
 "libxc-rkernel-math",
]

[[package]]
name = "libxc-rkernel-gga_x_sg4"
version = "0.1.0"
dependencies = [
 "libxc-rkernel-math",
]

[[package]]
name = "libxc-rkernel-gga_x_ssb_sw"
version = "0.1.0"
dependencies = [
 "libxc-rkernel-math",
]

[[package]]
name = "libxc-rkernel-gga_x_wc"
version = "0.1.0"
dependencies = [
 "libxc-rkernel-math",
]

[[package]]
name = "libxc-rkernel-gga_xc_th2"
version = "0.1.0"
dependencies = [
 "libxc-rkernel-math",
]

[[package]]
name = "libxc-rkernel-hyb_mgga_x_dldf"
version = "0.1.0"
dependencies = [
 "libxc-rkernel-math",
]

[[package]]
name = "libxc-rkernel-lda_c_1d_loos"
version = "0.1.0"
dependencies = [
 "libxc-rkernel-math",
]

[[package]]
name = "libxc-rkernel-lda_c_2d_amgb"
version = "0.1.0"
dependencies = [
 "libxc-rkernel-math",
]

[[package]]
name = "libxc-rkernel-lda_c_chachiyo"
version = "0.1.0"
dependencies = [
 "libxc-rkernel-math",
]

[[package]]
name = "libxc-rkernel-lda_c_chachiyo_mod"
version = "0.1.0"
dependencies = [
 "libxc-rkernel-math",
]

[[package]]
name = "libxc-rkernel-lda_c_gk72"
version = "0.1.0"
dependencies = [
 "libxc-rkernel-math",
]

[[package]]
name = "libxc-rkernel-lda_c_gombas"
version = "0.1.0"
dependencies = [
 "libxc-rkernel-math",
]

[[package]]
name = "libxc-rkernel-lda_c_lp96"
version = "0.1.0"
dependencies = [
 "libxc-rkernel-math",
]

[[package]]
name = "libxc-rkernel-lda_c_ml1"
version = "0.1.0"
dependencies = [
 "libxc-rkernel-math",
]

[[package]]
name = "libxc-rkernel-lda_c_rc04"
version = "0.1.0"
dependencies = [
 "libxc-rkernel-math",
]

[[package]]
name = "libxc-rkernel-lda_c_rpa"
version = "0.1.0"
dependencies = [
 "libxc-rkernel-math",
]

[[package]]
name = "libxc-rkernel-lda_c_vwn"
version = "0.1.0"
dependencies = [
 "libxc-rkernel-math",
]

[[package]]
name = "libxc-rkernel-lda_c_vwn_1"
version = "0.1.0"
dependencies = [
 "libxc-rkernel-math",
]

[[package]]
name = "libxc-rkernel-lda_c_vwn_2"
version = "0.1.0"
dependencies = [
 "libxc-rkernel-math",
]

[[package]]
name = "libxc-rkernel-lda_c_vwn_3"
version = "0.1.0"
dependencies = [
 "libxc-rkernel-math",
]

[[package]]
name = "libxc-rkernel-lda_c_vwn_4"
version = "0.1.0"
dependencies = [
 "libxc-rkernel-math",
]

[[package]]
name = "libxc-rkernel-lda_c_vwn_rpa"
version = "0.1.0"
dependencies = [
 "libxc-rkernel-math",
]

[[package]]
name = "libxc-rkernel-lda_c_w20"
version = "0.1.0"
dependencies = [
 "libxc-rkernel-math",
]

[[package]]
name = "libxc-rkernel-lda_c_wigner"
version = "0.1.0"
dependencies = [
 "libxc-rkernel-math",
]

[[package]]
name = "libxc-rkernel-lda_k_gds08_worker"
version = "0.1.0"
dependencies = [
 "libxc-rkernel-math",
]

[[package]]
name = "libxc-rkernel-lda_k_zlp"
version = "0.1.0"
dependencies = [
 "libxc-rkernel-math",
]

[[package]]
name = "libxc-rkernel-lda_x_2d"
version = "0.1.0"
dependencies = [
 "libxc-rkernel-math",
]

[[package]]
name = "libxc-rkernel-lda_x_rel"
version = "0.1.0"
dependencies = [
 "libxc-rkernel-math",
]

[[package]]
name = "libxc-rkernel-lda_x_sloc"
version = "0.1.0"
dependencies = [
 "libxc-rkernel-math",
]

[[package]]
name = "libxc-rkernel-lda_xc_teter93"
version = "0.1.0"
dependencies = [
 "libxc-rkernel-math",
]

[[package]]
name = "libxc-rkernel-lda_xc_zlp"
version = "0.1.0"
dependencies = [
 "libxc-rkernel-math",
]

[[package]]
name = "libxc-rkernel-math"
version = "0.1.0"
dependencies = [
 "rmath",
 "wide",
]

[[package]]
name = "libxc-rkernel-mgga_c_b88"
version = "0.1.0"
dependencies = [
 "libxc-rkernel-math",
]

[[package]]
name = "libxc-rkernel-mgga_c_bc95"
version = "0.1.0"
dependencies = [
 "libxc-rkernel-math",
]

[[package]]
name = "libxc-rkernel-mgga_c_cc"
version = "0.1.0"
dependencies = [
 "libxc-rkernel-math",
]

[[package]]
name = "libxc-rkernel-mgga_c_ccalda"
version = "0.1.0"
dependencies = [
 "libxc-rkernel-math",
]

[[package]]
name = "libxc-rkernel-mgga_c_cs"
version = "0.1.0"
dependencies = [
 "libxc-rkernel-math",
]

[[package]]
name = "libxc-rkernel-mgga_c_kcis"
version = "0.1.0"
dependencies = [
 "libxc-rkernel-math",
]

[[package]]
name = "libxc-rkernel-mgga_c_kcisk"
version = "0.1.0"
dependencies = [
 "libxc-rkernel-math",
]

[[package]]
name = "libxc-rkernel-mgga_c_pkzb"
version = "0.1.0"
dependencies = [
 "libxc-rkernel-math",
]

[[package]]
name = "libxc-rkernel-mgga_c_r2scan"
version = "0.1.0"
dependencies = [
 "libxc-rkernel-math",
]

[[package]]
name = "libxc-rkernel-mgga_c_revscan"
version = "0.1.0"
dependencies = [
 "libxc-rkernel-math",
]

[[package]]
name = "libxc-rkernel-mgga_c_rmggac"
version = "0.1.0"
dependencies = [
 "libxc-rkernel-math",
]

[[package]]
name = "libxc-rkernel-mgga_c_rppscan"
version = "0.1.0"
dependencies = [
 "libxc-rkernel-math",
]

[[package]]
name = "libxc-rkernel-mgga_c_rregtm"
version = "0.1.0"
dependencies = [
 "libxc-rkernel-math",
]

[[package]]
name = "libxc-rkernel-mgga_c_rscan"
version = "0.1.0"
dependencies = [
 "libxc-rkernel-math",
]

[[package]]
name = "libxc-rkernel-mgga_c_scan"
version = "0.1.0"
dependencies = [
 "libxc-rkernel-math",
]

[[package]]
name = "libxc-rkernel-mgga_c_tpssloc"
version = "0.1.0"
dependencies = [
 "libxc-rkernel-math",
]

[[package]]
name = "libxc-rkernel-mgga_k_gea2"
version = "0.1.0"
dependencies = [
 "libxc-rkernel-math",
]

[[package]]
name = "libxc-rkernel-mgga_k_gea4"
version = "0.1.0"
dependencies = [
 "libxc-rkernel-math",
]

[[package]]
name = "libxc-rkernel-mgga_k_pc07"
version = "0.1.0"
dependencies = [
 "libxc-rkernel-math",
]

[[package]]
name = "libxc-rkernel-mgga_k_rda"
version = "0.1.0"
dependencies = [
 "libxc-rkernel-math",
]

[[package]]
name = "libxc-rkernel-mgga_x_2d_js17"
version = "0.1.0"
dependencies = [
 "libxc-rkernel-math",
]

[[package]]
name = "libxc-rkernel-mgga_x_2d_prhg07"
version = "0.1.0"
dependencies = [
 "libxc-rkernel-math",
]

[[package]]
name = "libxc-rkernel-mgga_x_br89"
version = "0.1.0"
dependencies = [
 "libxc-rkernel-math",
]

[[package]]
name = "libxc-rkernel-mgga_x_br89_explicit"
version = "0.1.0"
dependencies = [
 "libxc-rkernel-math",
]

[[package]]
name = "libxc-rkernel-mgga_x_edmgga"
version = "0.1.0"
dependencies = [
 "libxc-rkernel-math",
]

[[package]]
name = "libxc-rkernel-mgga_x_ft98"
version = "0.1.0"
dependencies = [
 "libxc-rkernel-math",
]

[[package]]
name = "libxc-rkernel-mgga_x_gvt4"
version = "0.1.0"
dependencies = [
 "libxc-rkernel-math",
]

[[package]]
name = "libxc-rkernel-mgga_x_jk"
version = "0.1.0"
dependencies = [
 "libxc-rkernel-math",
]

[[package]]
name = "libxc-rkernel-mgga_x_lta"
version = "0.1.0"
dependencies = [
 "libxc-rkernel-math",
]

[[package]]
name = "libxc-rkernel-mgga_x_mbeef"
version = "0.1.0"
dependencies = [
 "libxc-rkernel-math",
]

[[package]]
name = "libxc-rkernel-mgga_x_mbeefvdw"
version = "0.1.0"
dependencies = [
 "libxc-rkernel-math",
]

[[package]]
name = "libxc-rkernel-mgga_x_mbr"
version = "0.1.0"
dependencies = [
 "libxc-rkernel-math",
]

[[package]]
name = "libxc-rkernel-mgga_x_mbrxc_bg"
version = "0.1.0"
dependencies = [
 "libxc-rkernel-math",
]

[[package]]
name = "libxc-rkernel-mgga_x_mbrxh_bg"
version = "0.1.0"
dependencies = [
 "libxc-rkernel-math",
]

[[package]]
name = "libxc-rkernel-mgga_x_mcml"
version = "0.1.0"
dependencies = [
 "libxc-rkernel-math",
]

[[package]]
name = "libxc-rkernel-mgga_x_mggac"
version = "0.1.0"
dependencies = [
 "libxc-rkernel-math",
]

[[package]]
name = "libxc-rkernel-mgga_x_mvs"
version = "0.1.0"
dependencies = [
 "libxc-rkernel-math",
]

[[package]]
name = "libxc-rkernel-mgga_x_mvsb"
version = "0.1.0"
dependencies = [
 "libxc-rkernel-math",
]

[[package]]
name = "libxc-rkernel-mgga_x_pbe_gx"
version = "0.1.0"
dependencies = [
 "libxc-rkernel-math",
]

[[package]]
name = "libxc-rkernel-mgga_x_pkzb"
version = "0.1.0"
dependencies = [
 "libxc-rkernel-math",
]

[[package]]
name = "libxc-rkernel-mgga_x_r2scan"
version = "0.1.0"
dependencies = [
 "libxc-rkernel-math",
]

[[package]]
name = "libxc-rkernel-mgga_x_r4scan"
version = "0.1.0"
dependencies = [
 "libxc-rkernel-math",
]

[[package]]
name = "libxc-rkernel-mgga_x_regtm"
version = "0.1.0"
dependencies = [
 "libxc-rkernel-math",
]

[[package]]
name = "libxc-rkernel-mgga_x_regtpss"
version = "0.1.0"
dependencies = [
 "libxc-rkernel-math",
]

[[package]]
name = "libxc-rkernel-mgga_x_revtm"
version = "0.1.0"
dependencies = [
 "libxc-rkernel-math",
]

[[package]]
name = "libxc-rkernel-mgga_x_rlda"
version = "0.1.0"
dependencies = [
 "libxc-rkernel-math",
]

[[package]]
name = "libxc-rkernel-mgga_x_rppscan"
version = "0.1.0"
dependencies = [
 "libxc-rkernel-math",
]

[[package]]
name = "libxc-rkernel-mgga_x_rscan"
version = "0.1.0"
dependencies = [
 "libxc-rkernel-math",
]

[[package]]
name = "libxc-rkernel-mgga_x_rtpss"
version = "0.1.0"
dependencies = [
 "libxc-rkernel-math",
]

[[package]]
name = "libxc-rkernel-mgga_x_sa_tpss"
version = "0.1.0"
dependencies = [
 "libxc-rkernel-math",
]

[[package]]
name = "libxc-rkernel-mgga_x_scan"
version = "0.1.0"
dependencies = [
 "libxc-rkernel-math",
]

[[package]]
name = "libxc-rkernel-mgga_x_th"
version = "0.1.0"
dependencies = [
 "libxc-rkernel-math",
]

[[package]]
name = "libxc-rkernel-mgga_x_tm"
version = "0.1.0"
dependencies = [
 "libxc-rkernel-math",
]

[[package]]
name = "libxc-rkernel-mgga_x_tpss"
version = "0.1.0"
dependencies = [
 "libxc-rkernel-math",
]

[[package]]
name = "libxc-rkernel-mgga_x_vcml"
version = "0.1.0"
dependencies = [
 "libxc-rkernel-math",
]

[[package]]
name = "libxc-rkernel-mgga_x_vt84"
version = "0.1.0"
dependencies = [
 "libxc-rkernel-math",
]

[[package]]
name = "libxc-rkernel-mgga_xc_b98"
version = "0.1.0"
dependencies = [
 "libxc-rkernel-math",
]

[[package]]
name = "libxc-rkernel-mgga_xc_cc06"
version = "0.1.0"
dependencies = [
 "libxc-rkernel-math",
]

[[package]]
name = "libxc-rkernel-mgga_xc_lp90"
version = "0.1.0"
dependencies = [
 "libxc-rkernel-math",
]

[[package]]
name = "libxc-rkernel-mgga_xc_zlp"
version = "0.1.0"
dependencies = [
 "libxc-rkernel-math",
]

[[package]]
name = "libxc-sys"
version = "0.1.0"
dependencies = [
 "bindgen",
 "cmake",
]

[[package]]
name = "libxc_rs"
version = "0.1.0"
dependencies = [
 "approx",
 "libm",
 "libxc-compat",
 "libxc-core",
 "libxc-eval",
 "libxc_rs-verify",
]

[[package]]
name = "libxc_rs-verify"
version = "0.1.0"
dependencies = [
 "anyhow",
 "libxc-sys",
 "libxc_rs",
]

[[package]]
name = "log"
version = "0.4.29"
source = "registry+https://github.com/rust-lang/crates.io-index"
checksum = "5e5032e24019045c762d3c0f28f5b6b8bbf38563a65908389bf7978758920897"

[[package]]
name = "memchr"
version = "2.8.0"
source = "registry+https://github.com/rust-lang/crates.io-index"
checksum = "f8ca58f447f06ed17d5fc4043ce1b10dd205e060fb3ce5b979b8ed8e59ff3f79"

[[package]]
name = "minimal-lexical"
version = "0.2.1"
source = "registry+https://github.com/rust-lang/crates.io-index"
checksum = "68354c5c6bd36d73ff3feceb05efa59b6acb7626617f4962be322a825e61f79a"

[[package]]
name = "nom"
version = "7.1.3"
source = "registry+https://github.com/rust-lang/crates.io-index"
checksum = "d273983c5a657a70a3e8f2a01329822f3b8c8172b73826411a55751e404a0a4a"
dependencies = [
 "memchr",
 "minimal-lexical",
]

[[package]]
name = "num-traits"
version = "0.2.19"
source = "registry+https://github.com/rust-lang/crates.io-index"
checksum = "071dfc062690e90b734c0b2273ce72ad0ffa95f0c74596bc250dcfd960262841"
dependencies = [
 "autocfg",
]

[[package]]
name = "prettyplease"
version = "0.2.37"
source = "registry+https://github.com/rust-lang/crates.io-index"
checksum = "479ca8adacdd7ce8f1fb39ce9ecccbfe93a3f1344b3d0d97f20bc0196208f62b"
dependencies = [
 "proc-macro2",
 "syn",
]

[[package]]
name = "proc-macro2"
version = "1.0.106"
source = "registry+https://github.com/rust-lang/crates.io-index"
checksum = "8fd00f0bb2e90d81d1044c2b32617f68fcb9fa3bb7640c23e9c748e53fb30934"
dependencies = [
 "unicode-ident",
]

[[package]]
name = "quote"
version = "1.0.45"
source = "registry+https://github.com/rust-lang/crates.io-index"
checksum = "41f2619966050689382d2b44f664f4bc593e129785a36d6ee376ddf37259b924"
dependencies = [
 "proc-macro2",
]

[[package]]
name = "rayon"
version = "1.12.0"
source = "registry+https://github.com/rust-lang/crates.io-index"
checksum = "fb39b166781f92d482534ef4b4b1b2568f42613b53e5b6c160e24cfbfa30926d"
dependencies = [
 "either",
 "rayon-core",
]

[[package]]
name = "rayon-core"
version = "1.13.0"
source = "registry+https://github.com/rust-lang/crates.io-index"
checksum = "22e18b0f0062d30d4230b2e85ff77fdfe4326feb054b9783a3460d8435c8ab91"
dependencies = [
 "crossbeam-deque",
 "crossbeam-utils",
]

[[package]]
name = "regex"
version = "1.12.3"
source = "registry+https://github.com/rust-lang/crates.io-index"
checksum = "e10754a14b9137dd7b1e3e5b0493cc9171fdd105e0ab477f51b72e7f3ac0e276"
dependencies = [
 "aho-corasick",
 "memchr",
 "regex-automata",
 "regex-syntax",
]

[[package]]
name = "regex-automata"
version = "0.4.14"
source = "registry+https://github.com/rust-lang/crates.io-index"
checksum = "6e1dd4122fc1595e8162618945476892eefca7b88c52820e74af6262213cae8f"
dependencies = [
 "aho-corasick",
 "memchr",
 "regex-syntax",
]

[[package]]
name = "regex-syntax"
version = "0.8.10"
source = "registry+https://github.com/rust-lang/crates.io-index"
checksum = "dc897dd8d9e8bd1ed8cdad82b5966c3e0ecae09fb1907d58efaa013543185d0a"

[[package]]
name = "rmath"
version = "0.1.0"
dependencies = [
 "wide",
]

[[package]]
name = "rustc-hash"
version = "2.1.2"
source = "registry+https://github.com/rust-lang/crates.io-index"
checksum = "94300abf3f1ae2e2b8ffb7b58043de3d399c73fa6f4b73826402a5c457614dbe"

[[package]]
name = "safe_arch"
version = "1.2.0"
source = "registry+https://github.com/rust-lang/crates.io-index"
checksum = "42c6efa15875e6ecb39ca61fb0b0c1a40b84fac5a5ffe71eef7d1000c8eb3f5f"
dependencies = [
 "bytemuck",
]

[[package]]
name = "shlex"
version = "1.3.0"
source = "registry+https://github.com/rust-lang/crates.io-index"
checksum = "0fda2ff0d084019ba4d7c6f371c95d8fd75ce3524c3cb8fb653a3023f6323e64"

[[package]]
name = "syn"
version = "2.0.117"
source = "registry+https://github.com/rust-lang/crates.io-index"
checksum = "e665b8803e7b1d2a727f4023456bbbbe74da67099c585258af0ad9c5013b9b99"
dependencies = [
 "proc-macro2",
 "quote",
 "unicode-ident",
]

[[package]]
name = "thiserror"
version = "2.0.18"
source = "registry+https://github.com/rust-lang/crates.io-index"
checksum = "4288b5bcbc7920c07a1149a35cf9590a2aa808e0bc1eafaade0b80947865fbc4"
dependencies = [
 "thiserror-impl",
]

[[package]]
name = "thiserror-impl"
version = "2.0.18"
source = "registry+https://github.com/rust-lang/crates.io-index"
checksum = "ebc4ee7f67670e9b64d05fa4253e753e016c6c95ff35b89b7941d6b856dec1d5"
dependencies = [
 "proc-macro2",
 "quote",
 "syn",
]

[[package]]
name = "unicode-ident"
version = "1.0.24"
source = "registry+https://github.com/rust-lang/crates.io-index"
checksum = "e6e4313cd5fcd3dad5cafa179702e2b244f760991f45397d14d4ebf38247da75"

[[package]]
name = "wide"
version = "1.6.1"
source = "registry+https://github.com/rust-lang/crates.io-index"
checksum = "de2aaf408e58689c2096682331b1f42bb2d9f2ed6b11560407d023cd0a6c634e"
dependencies = [
 "bytemuck",
 "safe_arch",
]

[[package]]
name = "windows-link"
version = "0.2.1"
source = "registry+https://github.com/rust-lang/crates.io-index"
checksum = "f0805222e57f7521d6a62e36fa9163bc891acd422f971defe97d64e70d0a4fe5"

[[package]]
name = "xtask"
version = "0.1.0"
dependencies = [
 "anyhow",
 "libxc-sys",
 "regex",
]
