# This file is automatically @generated by Cargo.
# It is not intended for manual editing.
version = 4

[[package]]
name = "aho-corasick"
version = "1.1.5"
source = "registry+https://github.com/rust-lang/crates.io-index"
checksum = "c982642fa9e8606056828ee9a8505737230110bb1099153c79efe865c59d12ba"
dependencies = [
 "memchr",
]

[[package]]
name = "anyhow"
version = "1.0.104"
source = "registry+https://github.com/rust-lang/crates.io-index"
checksum = "330a5ed07fa54e4702c9d6c4174f74427fc0ef6e214bbd677ae50a5099946470"

[[package]]
name = "bindgen"
version = "0.72.1"
source = "registry+https://github.com/rust-lang/crates.io-index"
checksum = "993776b509cfb49c750f11b8f07a46fa23e0a1386ffc01fb1e7d343efc387895"
dependencies = [
 "bitflags",
 "cexpr",
 "clang-sys",
 "itertools",
 "log",
 "prettyplease",
 "proc-macro2",
 "quote",
 "regex",
 "rustc-hash",
 "shlex 1.3.0",
 "syn 2.0.119",
]

[[package]]
name = "bitflags"
version = "2.13.1"
source = "registry+https://github.com/rust-lang/crates.io-index"
checksum = "b588b76d00fde79687d7646a9b5bdf3cc0f655e0bbd080335a95d7e96f3587da"

[[package]]
name = "bytemuck"
version = "1.25.2"
source = "registry+https://github.com/rust-lang/crates.io-index"
checksum = "95832e849adfb21180ccb6826a99da14e5d266ae5c2e668e1602cf234f153797"
dependencies = [
 "bytemuck_derive",
]

[[package]]
name = "bytemuck_derive"
version = "1.12.0"
source = "registry+https://github.com/rust-lang/crates.io-index"
checksum = "fc0e56a716f1e132ff6bf4bdac1c944a3fcdc1cae65f70a4a2a1ac3b401d2d1f"
dependencies = [
 "proc-macro2",
 "quote",
 "syn 3.0.3",
]

[[package]]
name = "cc"
version = "1.4.3"
source = "registry+https://github.com/rust-lang/crates.io-index"
checksum = "509591b7bcd67f4ef775afad7662703b4935daaa6ec0e5605cfb1090b32a2b6d"
dependencies = [
 "find-msvc-tools",
 "shlex 2.0.1",
]

[[package]]
name = "cexpr"
version = "0.6.0"
source = "registry+https://github.com/rust-lang/crates.io-index"
checksum = "6fac387a98bb7c37292057cffc56d62ecb629900026402633ae9160df93a8766"
dependencies = [
 "nom",
]

[[package]]
name = "cfg-if"
version = "1.0.4"
source = "registry+https://github.com/rust-lang/crates.io-index"
checksum = "9330f8b2ff13f34540b44e946ef35111825727b38d33286ef986142615121801"

[[package]]
name = "clang-sys"
version = "1.9.1"
source = "registry+https://github.com/rust-lang/crates.io-index"
checksum = "157a8ba7b480713b56f4c09fd13fc3e0a22a5dfab8097ba61cbc5feef950788a"
dependencies = [
 "glob",
 "libc",
 "libloading",
]

[[package]]
name = "cmake"
version = "0.1.58"
source = "registry+https://github.com/rust-lang/crates.io-index"
checksum = "c0f78a02292a74a88ac736019ab962ece0bc380e3f977bf72e376c5d78ff0678"
dependencies = [
 "cc",
]

[[package]]
name = "crossbeam-deque"
version = "0.8.7"
source = "registry+https://github.com/rust-lang/crates.io-index"
checksum = "5181e0de7b61eb03a81e347d6dd8797bae9da5146707b51077e2d71a54ec0ceb"
dependencies = [
 "crossbeam-epoch",
 "crossbeam-utils",
]

[[package]]
name = "crossbeam-epoch"
version = "0.9.20"
source = "registry+https://github.com/rust-lang/crates.io-index"
checksum = "2d6914041f254d6e9176c01941b21115dcfb7089e55135a35411081bd106ef3f"
dependencies = [
 "crossbeam-utils",
]

[[package]]
name = "crossbeam-utils"
version = "0.8.22"
source = "registry+https://github.com/rust-lang/crates.io-index"
checksum = "61803da095bee82a81bb1a452ecc25d3b2f1416d1897eb86430c6159ef717c17"

[[package]]
name = "either"
version = "1.17.0"
source = "registry+https://github.com/rust-lang/crates.io-index"
checksum = "9e5e8f6c15a24b9a3ee5efec809ccd006d3b30e8b3bb63c39af737c7f87daa1d"

[[package]]
name = "find-msvc-tools"
version = "0.1.11"
source = "registry+https://github.com/rust-lang/crates.io-index"
checksum = "d45db016d36b838f563236e9193d0ee6ce38f3f68b6c94e914b4929c96bbb890"

[[package]]
name = "glob"
version = "0.3.4"
source = "registry+https://github.com/rust-lang/crates.io-index"
checksum = "e4eba85ea1d0a966a983acd07deee566e67395d2d96b6fb39e62b5a833f1eb0b"

[[package]]
name = "itertools"
version = "0.13.0"
source = "registry+https://github.com/rust-lang/crates.io-index"
checksum = "413ee7dfc52ee1a4949ceeb7dbc8a33f2d6c088194d9f922fb8318faf1f01186"
dependencies = [
 "either",
]

[[package]]
name = "libc"
version = "0.2.189"
source = "registry+https://github.com/rust-lang/crates.io-index"
checksum = "3eaf3ede3fee6db1a4c2ee091bf8a8b4dccdc6d17f656fb07896ee72867612f2"

[[package]]
name = "libloading"
version = "0.8.9"
source = "registry+https://github.com/rust-lang/crates.io-index"
checksum = "d7c4b02199fee7c5d21a5ae7d8cfa79a6ef5bb2fc834d6e9058e89c825efdc55"
dependencies = [
 "cfg-if",
 "windows-link",
]

[[package]]
name = "libxc-compat"
version = "0.1.0"
dependencies = [
 "libxc-core",
 "libxc-eval",
]

[[package]]
name = "libxc-core"
version = "0.1.0"
dependencies = [
 "bitflags",
 "bytemuck",
 "thiserror",
]

[[package]]
name = "libxc-eval"
version = "0.1.0"
dependencies = [
 "bytemuck",
 "libxc-core",
]

[[package]]
name = "libxc-reval"
version = "0.1.0"
dependencies = [
 "libxc-core",
 "libxc-rkernel-gga_c_acgga",
 "libxc-rkernel-gga_c_acggap",
 "libxc-rkernel-gga_c_ccdf",
 "libxc-rkernel-gga_c_chachiyo",
 "libxc-rkernel-gga_c_cs1",
 "libxc-rkernel-gga_c_ft97",
 "libxc-rkernel-gga_c_gapc",
 "libxc-rkernel-gga_c_gaploc",
 "libxc-rkernel-gga_c_hcth_a",
 "libxc-rkernel-gga_c_lyp",
 "libxc-rkernel-gga_c_op_b88",
 "libxc-rkernel-gga_c_op_g96",
 "libxc-rkernel-gga_c_op_pbe",
 "libxc-rkernel-gga_c_op_pw91",
 "libxc-rkernel-gga_c_op_xalpha",
 "libxc-rkernel-gga_c_pbeloc",
 "libxc-rkernel-gga_c_pw91",
 "libxc-rkernel-gga_c_q2d",
 "libxc-rkernel-gga_c_regtpss",
 "libxc-rkernel-gga_c_revtca",
 "libxc-rkernel-gga_c_scan_e0",
 "libxc-rkernel-gga_c_sg4",
 "libxc-rkernel-gga_c_tca",
 "libxc-rkernel-gga_c_w94",
 "libxc-rkernel-gga_c_wi",
 "libxc-rkernel-gga_c_wl",
 "libxc-rkernel-gga_c_zvpbeloc",
 "libxc-rkernel-gga_k_exp4",
 "libxc-rkernel-gga_k_lc94",
 "libxc-rkernel-gga_k_lkt",
 "libxc-rkernel-gga_k_meyer",
 "libxc-rkernel-gga_k_ol1",
 "libxc-rkernel-gga_k_pearson",
 "libxc-rkernel-gga_k_pw86",
 "libxc-rkernel-gga_k_thakkar",
 "libxc-rkernel-gga_k_vt84f",
 "libxc-rkernel-gga_x_2d_b86",
 "libxc-rkernel-gga_x_2d_b86_mgc",
 "libxc-rkernel-gga_x_2d_b88",
 "libxc-rkernel-gga_x_2d_pbe",
 "libxc-rkernel-gga_x_airy",
 "libxc-rkernel-gga_x_ak13",
 "libxc-rkernel-gga_x_b88",
 "libxc-rkernel-gga_x_bayesian",
 "libxc-rkernel-gga_x_beefvdw",
 "libxc-rkernel-gga_x_bpccac",
 "libxc-rkernel-gga_x_c09x",
 "libxc-rkernel-gga_x_chachiyo",
 "libxc-rkernel-gga_x_ev93",
 "libxc-rkernel-gga_x_fd_lb94",
 "libxc-rkernel-gga_x_g96",
 "libxc-rkernel-gga_x_gg99",
 "libxc-rkernel-gga_x_hcth_a",
 "libxc-rkernel-gga_x_herman",
 "libxc-rkernel-gga_x_htbs",
 "libxc-rkernel-gga_x_lag",
 "libxc-rkernel-gga_x_lg93",
 "libxc-rkernel-gga_x_lv_rpw86",
 "libxc-rkernel-gga_x_pbea",
 "libxc-rkernel-gga_x_pbepow",
 "libxc-rkernel-gga_x_pbetrans",
 "libxc-rkernel-gga_x_pw86",
 "libxc-rkernel-gga_x_pw91",
 "libxc-rkernel-gga_x_q1d",
 "libxc-rkernel-gga_x_q2d",
 "libxc-rkernel-gga_x_rge2",
 "libxc-rkernel-gga_x_sg4",
 "libxc-rkernel-gga_x_ssb_sw",
 "libxc-rkernel-gga_x_wc",
 "libxc-rkernel-gga_xc_th2",
 "libxc-rkernel-hyb_mgga_x_dldf",
 "libxc-rkernel-lda_c_1d_loos",
 "libxc-rkernel-lda_c_2d_amgb",
 "libxc-rkernel-lda_c_chachiyo",
 "libxc-rkernel-lda_c_chachiyo_mod",
 "libxc-rkernel-lda_c_gk72",
 "libxc-rkernel-lda_c_gombas",
 "libxc-rkernel-lda_c_lp96",
 "libxc-rkernel-lda_c_ml1",
 "libxc-rkernel-lda_c_rc04",
 "libxc-rkernel-lda_c_rpa",
 "libxc-rkernel-lda_c_vwn",
 "libxc-rkernel-lda_c_vwn_1",
 "libxc-rkernel-lda_c_vwn_2",
 "libxc-rkernel-lda_c_vwn_3",
 "libxc-rkernel-lda_c_vwn_4",
 "libxc-rkernel-lda_c_vwn_rpa",
 "libxc-rkernel-lda_c_w20",
 "libxc-rkernel-lda_c_wigner",
 "libxc-rkernel-lda_k_gds08_worker",
 "libxc-rkernel-lda_k_zlp",
 "libxc-rkernel-lda_x_2d",
 "libxc-rkernel-lda_x_rel",
 "libxc-rkernel-lda_x_sloc",
 "libxc-rkernel-lda_xc_teter93",
 "libxc-rkernel-lda_xc_zlp",
 "libxc-rkernel-mgga_c_b88",
 "libxc-rkernel-mgga_c_bc95",
 "libxc-rkernel-mgga_c_cc",
 "libxc-rkernel-mgga_c_ccalda",
 "libxc-rkernel-mgga_c_cs",
 "libxc-rkernel-mgga_c_kcis",
 "libxc-rkernel-mgga_c_kcisk",
 "libxc-rkernel-mgga_c_pkzb",
 "libxc-rkernel-mgga_c_r2scan",
 "libxc-rkernel-mgga_c_revscan",
 "libxc-rkernel-mgga_c_rmggac",
 "libxc-rkernel-mgga_c_rppscan",
 "libxc-rkernel-mgga_c_rregtm",
 "libxc-rkernel-mgga_c_rscan",
 "libxc-rkernel-mgga_c_scan",
 "libxc-rkernel-mgga_c_tpssloc",
 "libxc-rkernel-mgga_k_gea2",
 "libxc-rkernel-mgga_k_gea4",
 "libxc-rkernel-mgga_k_pc07",
 "libxc-rkernel-mgga_k_rda",
 "libxc-rkernel-mgga_x_2d_js17",
 "libxc-rkernel-mgga_x_2d_prhg07",
 "libxc-rkernel-mgga_x_br89",
 "libxc-rkernel-mgga_x_br89_explicit",
 "libxc-rkernel-mgga_x_edmgga",
 "libxc-rkernel-mgga_x_ft98",
 "libxc-rkernel-mgga_x_gvt4",
 "libxc-rkernel-mgga_x_jk",
 "libxc-rkernel-mgga_x_lta",
 "libxc-rkernel-mgga_x_mbeef",
 "libxc-rkernel-mgga_x_mbeefvdw",
 "libxc-rkernel-mgga_x_mbr",
 "libxc-rkernel-mgga_x_mbrxc_bg",
 "libxc-rkernel-mgga_x_mbrxh_bg",
 "libxc-rkernel-mgga_x_mcml",
 "libxc-rkernel-mgga_x_mggac",
 "libxc-rkernel-mgga_x_mvs",
 "libxc-rkernel-mgga_x_mvsb",
 "libxc-rkernel-mgga_x_pbe_gx",
 "libxc-rkernel-mgga_x_pkzb",
 "libxc-rkernel-mgga_x_r2scan",
 "libxc-rkernel-mgga_x_r4scan",
 "libxc-rkernel-mgga_x_regtm",
 "libxc-rkernel-mgga_x_regtpss",
 "libxc-rkernel-mgga_x_revtm",
 "libxc-rkernel-mgga_x_rlda",
 "libxc-rkernel-mgga_x_rppscan",
 "libxc-rkernel-mgga_x_rscan",
 "libxc-rkernel-mgga_x_rtpss",
 "libxc-rkernel-mgga_x_sa_tpss",
 "libxc-rkernel-mgga_x_scan",
 "libxc-rkernel-mgga_x_th",
 "libxc-rkernel-mgga_x_tm",
 "libxc-rkernel-mgga_x_tpss",
 "libxc-rkernel-mgga_x_vcml",
 "libxc-rkernel-mgga_x_vt84",
 "libxc-rkernel-mgga_xc_b98",
 "libxc-rkernel-mgga_xc_cc06",
 "libxc-rkernel-mgga_xc_lp90",
 "libxc-rkernel-mgga_xc_zlp",
 "rayon",
]

[[package]]
name = "libxc-rkernel-gga_c_acgga"
version = "0.1.0"
dependencies = [
 "libxc-rkernel-math",
]

[[package]]
name = "libxc-rkernel-gga_c_acggap"
version = "0.1.0"
dependencies = [
 "libxc-rkernel-math",
]

[[package]]
name = "libxc-rkernel-gga_c_ccdf"
version = "0.1.0"
dependencies = [
 "libxc-rkernel-math",
]

[[package]]
name = "libxc-rkernel-gga_c_chachiyo"
version = "0.1.0"
dependencies = [
 "libxc-rkernel-math",
]

[[package]]
name = "libxc-rkernel-gga_c_cs1"
version = "0.1.0"
dependencies = [
 "libxc-rkernel-math",
]

[[package]]
name = "libxc-rkernel-gga_c_ft97"
version = "0.1.0"
dependencies = [
 "libxc-rkernel-math",
]

[[package]]
name = "libxc-rkernel-gga_c_gapc"
version = "0.1.0"
dependencies = [
 "libxc-rkernel-math",
]

[[package]]
name = "libxc-rkernel-gga_c_gaploc"
version = "0.1.0"
dependencies = [
 "libxc-rkernel-math",
]

[[package]]
name = "libxc-rkernel-gga_c_hcth_a"
version = "0.1.0"
dependencies = [
 "libxc-rkernel-math",
]

[[package]]
name = "libxc-rkernel-gga_c_lyp"
version = "0.1.0"
dependencies = [
 "libxc-rkernel-math",
]

[[package]]
name = "libxc-rkernel-gga_c_op_b88"
version = "0.1.0"
dependencies = [
 "libxc-rkernel-math",
]

[[package]]
name = "libxc-rkernel-gga_c_op_g96"
version = "0.1.0"
dependencies = [
 "libxc-rkernel-math",
]

[[package]]
name = "libxc-rkernel-gga_c_op_pbe"
version = "0.1.0"
dependencies = [
 "libxc-rkernel-math",
]

[[package]]
name = "libxc-rkernel-gga_c_op_pw91"
version = "0.1.0"
dependencies = [
 "libxc-rkernel-math",
]

[[package]]
name = "libxc-rkernel-gga_c_op_xalpha"
version = "0.1.0"
dependencies = [
 "libxc-rkernel-math",
]

[[package]]
name = "libxc-rkernel-gga_c_pbeloc"
version = "0.1.0"
dependencies = [
 "libxc-rkernel-math",
]

[[package]]
name = "libxc-rkernel-gga_c_pw91"
version = "0.1.0"
dependencies = [
 "libxc-rkernel-math",
]

[[package]]
name = "libxc-rkernel-gga_c_q2d"
version = "0.1.0"
dependencies = [
 "libxc-rkernel-math",
]

[[package]]
name = "libxc-rkernel-gga_c_regtpss"
version = "0.1.0"
dependencies = [
 "libxc-rkernel-math",
]

[[package]]
name = "libxc-rkernel-gga_c_revtca"
version = "0.1.0"
dependencies = [
 "libxc-rkernel-math",
]

[[package]]
name = "libxc-rkernel-gga_c_scan_e0"
version = "0.1.0"
dependencies = [
 "libxc-rkernel-math",
]

[[package]]
name = "libxc-rkernel-gga_c_sg4"
version = "0.1.0"
dependencies = [
 "libxc-rkernel-math",
]

[[package]]
name = "libxc-rkernel-gga_c_tca"
version = "0.1.0"
dependencies = [
 "libxc-rkernel-math",
]

[[package]]
name = "libxc-rkernel-gga_c_w94"
version = "0.1.0"
dependencies = [
 "libxc-rkernel-math",
]

[[package]]
name = "libxc-rkernel-gga_c_wi"
version = "0.1.0"
dependencies = [
 "libxc-rkernel-math",
]

[[package]]
name = "libxc-rkernel-gga_c_wl"
version = "0.1.0"
dependencies = [
 "libxc-rkernel-math",
]

[[package]]
name = "libxc-rkernel-gga_c_zvpbeloc"
version = "0.1.0"
dependencies = [
 "libxc-rkernel-math",
]

[[package]]
name = "libxc-rkernel-gga_k_exp4"
version = "0.1.0"
dependencies = [
 "libxc-rkernel-math",
]

[[package]]
name = "libxc-rkernel-gga_k_lc94"
version = "0.1.0"
dependencies = [
 "libxc-rkernel-math",
]

[[package]]
name = "libxc-rkernel-gga_k_lkt"
version = "0.1.0"
dependencies = [
 "libxc-rkernel-math",
]

[[package]]
name = "libxc-rkernel-gga_k_meyer"
version = "0.1.0"
dependencies = [
 "libxc-rkernel-math",
]

[[package]]
name = "libxc-rkernel-gga_k_ol1"
version = "0.1.0"
dependencies = [
 "libxc-rkernel-math",
]

[[package]]
name = "libxc-rkernel-gga_k_pearson"
version = "0.1.0"
dependencies = [
 "libxc-rkernel-math",
]

[[package]]
name = "libxc-rkernel-gga_k_pw86"
version = "0.1.0"
dependencies = [
 "libxc-rkernel-math",
]

[[package]]
name = "libxc-rkernel-gga_k_thakkar"
version = "0.1.0"
dependencies = [
 "libxc-rkernel-math",
]

[[package]]
name = "libxc-rkernel-gga_k_vt84f"
version = "0.1.0"
dependencies = [
 "libxc-rkernel-math",
]

[[package]]
name = "libxc-rkernel-gga_x_2d_b86"
version = "0.1.0"
dependencies = [
 "libxc-rkernel-math",
]

[[package]]
name = "libxc-rkernel-gga_x_2d_b86_mgc"
version = "0.1.0"
dependencies = [
 "libxc-rkernel-math",
]

[[package]]
name = "libxc-rkernel-gga_x_2d_b88"
version = "0.1.0"
dependencies = [
 "libxc-rkernel-math",
]

[[package]]
name = "libxc-rkernel-gga_x_2d_pbe"
version = "0.1.0"
dependencies = [
 "libxc-rkernel-math",
]

[[package]]
name = "libxc-rkernel-gga_x_airy"
version = "0.1.0"
dependencies = [
 "libxc-rkernel-math",
]

[[package]]
name = "libxc-rkernel-gga_x_ak13"
version = "0.1.0"
dependencies = [
 "libxc-rkernel-math",
]

[[package]]
name = "libxc-rkernel-gga_x_b88"
version = "0.1.0"
dependencies = [
 "libxc-rkernel-math",
]

[[package]]
name = "libxc-rkernel-gga_x_bayesian"
version = "0.1.0"
dependencies = [
 "libxc-rkernel-math",
]

[[package]]
name = "libxc-rkernel-gga_x_beefvdw"
version = "0.1.0"
dependencies = [
 "libxc-rkernel-math",
]

[[package]]
name = "libxc-rkernel-gga_x_bpccac"
version = "0.1.0"
dependencies = [
 "libxc-rkernel-math",
]

[[package]]
name = "libxc-rkernel-gga_x_c09x"
version = "0.1.0"
dependencies = [
 "libxc-rkernel-math",
]

[[package]]
name = "libxc-rkernel-gga_x_chachiyo"
version = "0.1.0"
dependencies = [
 "libxc-rkernel-math",
]

[[package]]
name = "libxc-rkernel-gga_x_ev93"
version = "0.1.0"
dependencies = [
 "libxc-rkernel-math",
]

[[package]]
name = "libxc-rkernel-gga_x_fd_lb94"
version = "0.1.0"
dependencies = [
 "libxc-rkernel-math",
]

[[package]]
name = "libxc-rkernel-gga_x_g96"
version = "0.1.0"
dependencies = [
 "libxc-rkernel-math",
]

[[package]]
name = "libxc-rkernel-gga_x_gg99"
version = "0.1.0"
dependencies = [
 "libxc-rkernel-math",
]

[[package]]
name = "libxc-rkernel-gga_x_hcth_a"
version = "0.1.0"
dependencies = [
 "libxc-rkernel-math",
]

[[package]]
name = "libxc-rkernel-gga_x_herman"
version = "0.1.0"
dependencies = [
 "libxc-rkernel-math",
]

[[package]]
name = "libxc-rkernel-gga_x_htbs"
version = "0.1.0"
dependencies = [
 "libxc-rkernel-math",
]

[[package]]
name = "libxc-rkernel-gga_x_lag"
version = "0.1.0"
dependencies = [
 "libxc-rkernel-math",
]

[[package]]
name = "libxc-rkernel-gga_x_lg93"
version = "0.1.0"
dependencies = [
 "libxc-rkernel-math",
]

[[package]]
name = "libxc-rkernel-gga_x_lv_rpw86"
version = "0.1.0"
dependencies = [
 "libxc-rkernel-math",
]

[[package]]
name = "libxc-rkernel-gga_x_pbea"
version = "0.1.0"
dependencies = [
 "libxc-rkernel-math",
]

[[package]]
name = "libxc-rkernel-gga_x_pbepow"
version = "0.1.0"
dependencies = [
 "libxc-rkernel-math",
]

[[package]]
name = "libxc-rkernel-gga_x_pbetrans"
version = "0.1.0"
dependencies = [
 "libxc-rkernel-math",
]

[[package]]
name = "libxc-rkernel-gga_x_pw86"
version = "0.1.0"
dependencies = [
 "libxc-rkernel-math",
]

[[package]]
name = "libxc-rkernel-gga_x_pw91"
version = "0.1.0"
dependencies = [
 "libxc-rkernel-math",
]

[[package]]
name = "libxc-rkernel-gga_x_q1d"
version = "0.1.0"
dependencies = [
 "libxc-rkernel-math",
]

[[package]]
name = "libxc-rkernel-gga_x_q2d"
version = "0.1.0"
dependencies = [
 "libxc-rkernel-math",
]

[[package]]
name = "libxc-rkernel-gga_x_rge2"
version = "0.1.0"
dependencies = [
 "libxc-rkernel-math",
]

[[package]]
name = "libxc-rkernel-gga_x_sg4"
version = "0.1.0"
dependencies = [
 "libxc-rkernel-math",
]

[[package]]
name = "libxc-rkernel-gga_x_ssb_sw"
version = "0.1.0"
dependencies = [
 "libxc-rkernel-math",
]

[[package]]
name = "libxc-rkernel-gga_x_wc"
version = "0.1.0"
dependencies = [
 "libxc-rkernel-math",
]

[[package]]
name = "libxc-rkernel-gga_xc_th2"
version = "0.1.0"
dependencies = [
 "libxc-rkernel-math",
]

[[package]]
name = "libxc-rkernel-hyb_mgga_x_dldf"
version = "0.1.0"
dependencies = [
 "libxc-rkernel-math",
]

[[package]]
name = "libxc-rkernel-lda_c_1d_loos"
version = "0.1.0"
dependencies = [
 "libxc-rkernel-math",
]

[[package]]
name = "libxc-rkernel-lda_c_2d_amgb"
version = "0.1.0"
dependencies = [
 "libxc-rkernel-math",
]

[[package]]
name = "libxc-rkernel-lda_c_chachiyo"
version = "0.1.0"
dependencies = [
 "libxc-rkernel-math",
]

[[package]]
name = "libxc-rkernel-lda_c_chachiyo_mod"
version = "0.1.0"
dependencies = [
 "libxc-rkernel-math",
]

[[package]]
name = "libxc-rkernel-lda_c_gk72"
version = "0.1.0"
dependencies = [
 "libxc-rkernel-math",
]

[[package]]
name = "libxc-rkernel-lda_c_gombas"
version = "0.1.0"
dependencies = [
 "libxc-rkernel-math",
]

[[package]]
name = "libxc-rkernel-lda_c_lp96"
version = "0.1.0"
dependencies = [
 "libxc-rkernel-math",
]

[[package]]
name = "libxc-rkernel-lda_c_ml1"
version = "0.1.0"
dependencies = [
 "libxc-rkernel-math",
]

[[package]]
name = "libxc-rkernel-lda_c_rc04"
version = "0.1.0"
dependencies = [
 "libxc-rkernel-math",
]

[[package]]
name = "libxc-rkernel-lda_c_rpa"
version = "0.1.0"
dependencies = [
 "libxc-rkernel-math",
]

[[package]]
name = "libxc-rkernel-lda_c_vwn"
version = "0.1.0"
dependencies = [
 "libxc-rkernel-math",
]

[[package]]
name = "libxc-rkernel-lda_c_vwn_1"
version = "0.1.0"
dependencies = [
 "libxc-rkernel-math",
]

[[package]]
name = "libxc-rkernel-lda_c_vwn_2"
version = "0.1.0"
dependencies = [
 "libxc-rkernel-math",
]

[[package]]
name = "libxc-rkernel-lda_c_vwn_3"
version = "0.1.0"
dependencies = [
 "libxc-rkernel-math",
]

[[package]]
name = "libxc-rkernel-lda_c_vwn_4"
version = "0.1.0"
dependencies = [
 "libxc-rkernel-math",
]

[[package]]
name = "libxc-rkernel-lda_c_vwn_rpa"
version = "0.1.0"
dependencies = [
 "libxc-rkernel-math",
]

[[package]]
name = "libxc-rkernel-lda_c_w20"
version = "0.1.0"
dependencies = [
 "libxc-rkernel-math",
]

[[package]]
name = "libxc-rkernel-lda_c_wigner"
version = "0.1.0"
dependencies = [
 "libxc-rkernel-math",
]

[[package]]
name = "libxc-rkernel-lda_k_gds08_worker"
version = "0.1.0"
dependencies = [
 "libxc-rkernel-math",
]

[[package]]
name = "libxc-rkernel-lda_k_zlp"
version = "0.1.0"
dependencies = [
 "libxc-rkernel-math",
]

[[package]]
name = "libxc-rkernel-lda_x_2d"
version = "0.1.0"
dependencies = [
 "libxc-rkernel-math",
]

[[package]]
name = "libxc-rkernel-lda_x_rel"
version = "0.1.0"
dependencies = [
 "libxc-rkernel-math",
]

[[package]]
name = "libxc-rkernel-lda_x_sloc"
version = "0.1.0"
dependencies = [
 "libxc-rkernel-math",
]

[[package]]
name = "libxc-rkernel-lda_xc_teter93"
version = "0.1.0"
dependencies = [
 "libxc-rkernel-math",
]

[[package]]
name = "libxc-rkernel-lda_xc_zlp"
version = "0.1.0"
dependencies = [
 "libxc-rkernel-math",
]

[[package]]
name = "libxc-rkernel-math"
version = "0.1.0"
dependencies = [
 "rmath",
 "wide",
]

[[package]]
name = "libxc-rkernel-mgga_c_b88"
version = "0.1.0"
dependencies = [
 "libxc-rkernel-math",
]

[[package]]
name = "libxc-rkernel-mgga_c_bc95"
version = "0.1.0"
dependencies = [
 "libxc-rkernel-math",
]

[[package]]
name = "libxc-rkernel-mgga_c_cc"
version = "0.1.0"
dependencies = [
 "libxc-rkernel-math",
]

[[package]]
name = "libxc-rkernel-mgga_c_ccalda"
version = "0.1.0"
dependencies = [
 "libxc-rkernel-math",
]

[[package]]
name = "libxc-rkernel-mgga_c_cs"
version = "0.1.0"
dependencies = [
 "libxc-rkernel-math",
]

[[package]]
name = "libxc-rkernel-mgga_c_kcis"
version = "0.1.0"
dependencies = [
 "libxc-rkernel-math",
]

[[package]]
name = "libxc-rkernel-mgga_c_kcisk"
version = "0.1.0"
dependencies = [
 "libxc-rkernel-math",
]

[[package]]
name = "libxc-rkernel-mgga_c_pkzb"
version = "0.1.0"
dependencies = [
 "libxc-rkernel-math",
]

[[package]]
name = "libxc-rkernel-mgga_c_r2scan"
version = "0.1.0"
dependencies = [
 "libxc-rkernel-math",
]

[[package]]
name = "libxc-rkernel-mgga_c_revscan"
version = "0.1.0"
dependencies = [
 "libxc-rkernel-math",
]

[[package]]
name = "libxc-rkernel-mgga_c_rmggac"
version = "0.1.0"
dependencies = [
 "libxc-rkernel-math",
]

[[package]]
name = "libxc-rkernel-mgga_c_rppscan"
version = "0.1.0"
dependencies = [
 "libxc-rkernel-math",
]

[[package]]
name = "libxc-rkernel-mgga_c_rregtm"
version = "0.1.0"
dependencies = [
 "libxc-rkernel-math",
]

[[package]]
name = "libxc-rkernel-mgga_c_rscan"
version = "0.1.0"
dependencies = [
 "libxc-rkernel-math",
]

[[package]]
name = "libxc-rkernel-mgga_c_scan"
version = "0.1.0"
dependencies = [
 "libxc-rkernel-math",
]

[[package]]
name = "libxc-rkernel-mgga_c_tpssloc"
version = "0.1.0"
dependencies = [
 "libxc-rkernel-math",
]

[[package]]
name = "libxc-rkernel-mgga_k_gea2"
version = "0.1.0"
dependencies = [
 "libxc-rkernel-math",
]

[[package]]
name = "libxc-rkernel-mgga_k_gea4"
version = "0.1.0"
dependencies = [
 "libxc-rkernel-math",
]

[[package]]
name = "libxc-rkernel-mgga_k_pc07"
version = "0.1.0"
dependencies = [
 "libxc-rkernel-math",
]

[[package]]
name = "libxc-rkernel-mgga_k_rda"
version = "0.1.0"
dependencies = [
 "libxc-rkernel-math",
]

[[package]]
name = "libxc-rkernel-mgga_x_2d_js17"
version = "0.1.0"
dependencies = [
 "libxc-rkernel-math",
]

[[package]]
name = "libxc-rkernel-mgga_x_2d_prhg07"
version = "0.1.0"
dependencies = [
 "libxc-rkernel-math",
]

[[package]]
name = "libxc-rkernel-mgga_x_br89"
version = "0.1.0"
dependencies = [
 "libxc-rkernel-math",
]

[[package]]
name = "libxc-rkernel-mgga_x_br89_explicit"
version = "0.1.0"
dependencies = [
 "libxc-rkernel-math",
]

[[package]]
name = "libxc-rkernel-mgga_x_edmgga"
version = "0.1.0"
dependencies = [
 "libxc-rkernel-math",
]

[[package]]
name = "libxc-rkernel-mgga_x_ft98"
version = "0.1.0"
dependencies = [
 "libxc-rkernel-math",
]

[[package]]
name = "libxc-rkernel-mgga_x_gvt4"
version = "0.1.0"
dependencies = [
 "libxc-rkernel-math",
]

[[package]]
name = "libxc-rkernel-mgga_x_jk"
version = "0.1.0"
dependencies = [
 "libxc-rkernel-math",
]

[[package]]
name = "libxc-rkernel-mgga_x_lta"
version = "0.1.0"
dependencies = [
 "libxc-rkernel-math",
]

[[package]]
name = "libxc-rkernel-mgga_x_mbeef"
version = "0.1.0"
dependencies = [
 "libxc-rkernel-math",
]

[[package]]
name = "libxc-rkernel-mgga_x_mbeefvdw"
version = "0.1.0"
dependencies = [
 "libxc-rkernel-math",
]

[[package]]
name = "libxc-rkernel-mgga_x_mbr"
version = "0.1.0"
dependencies = [
 "libxc-rkernel-math",
]

[[package]]
name = "libxc-rkernel-mgga_x_mbrxc_bg"
version = "0.1.0"
dependencies = [
 "libxc-rkernel-math",
]

[[package]]
name = "libxc-rkernel-mgga_x_mbrxh_bg"
version = "0.1.0"
dependencies = [
 "libxc-rkernel-math",
]

[[package]]
name = "libxc-rkernel-mgga_x_mcml"
version = "0.1.0"
dependencies = [
 "libxc-rkernel-math",
]

[[package]]
name = "libxc-rkernel-mgga_x_mggac"
version = "0.1.0"
dependencies = [
 "libxc-rkernel-math",
]

[[package]]
name = "libxc-rkernel-mgga_x_mvs"
version = "0.1.0"
dependencies = [
 "libxc-rkernel-math",
]

[[package]]
name = "libxc-rkernel-mgga_x_mvsb"
version = "0.1.0"
dependencies = [
 "libxc-rkernel-math",
]

[[package]]
name = "libxc-rkernel-mgga_x_pbe_gx"
version = "0.1.0"
dependencies = [
 "libxc-rkernel-math",
]

[[package]]
name = "libxc-rkernel-mgga_x_pkzb"
version = "0.1.0"
dependencies = [
 "libxc-rkernel-math",
]

[[package]]
name = "libxc-rkernel-mgga_x_r2scan"
version = "0.1.0"
dependencies = [
 "libxc-rkernel-math",
]

[[package]]
name = "libxc-rkernel-mgga_x_r4scan"
version = "0.1.0"
dependencies = [
 "libxc-rkernel-math",
]

[[package]]
name = "libxc-rkernel-mgga_x_regtm"
version = "0.1.0"
dependencies = [
 "libxc-rkernel-math",
]

[[package]]
name = "libxc-rkernel-mgga_x_regtpss"
version = "0.1.0"
dependencies = [
 "libxc-rkernel-math",
]

[[package]]
name = "libxc-rkernel-mgga_x_revtm"
version = "0.1.0"
dependencies = [
 "libxc-rkernel-math",
]

[[package]]
name = "libxc-rkernel-mgga_x_rlda"
version = "0.1.0"
dependencies = [
 "libxc-rkernel-math",
]

[[package]]
name = "libxc-rkernel-mgga_x_rppscan"
version = "0.1.0"
dependencies = [
 "libxc-rkernel-math",
]

[[package]]
name = "libxc-rkernel-mgga_x_rscan"
version = "0.1.0"
dependencies = [
 "libxc-rkernel-math",
]

[[package]]
name = "libxc-rkernel-mgga_x_rtpss"
version = "0.1.0"
dependencies = [
 "libxc-rkernel-math",
]

[[package]]
name = "libxc-rkernel-mgga_x_sa_tpss"
version = "0.1.0"
dependencies = [
 "libxc-rkernel-math",
]

[[package]]
name = "libxc-rkernel-mgga_x_scan"
version = "0.1.0"
dependencies = [
 "libxc-rkernel-math",
]

[[package]]
name = "libxc-rkernel-mgga_x_th"
version = "0.1.0"
dependencies = [
 "libxc-rkernel-math",
]

[[package]]
name = "libxc-rkernel-mgga_x_tm"
version = "0.1.0"
dependencies = [
 "libxc-rkernel-math",
]

[[package]]
name = "libxc-rkernel-mgga_x_tpss"
version = "0.1.0"
dependencies = [
 "libxc-rkernel-math",
]

[[package]]
name = "libxc-rkernel-mgga_x_vcml"
version = "0.1.0"
dependencies = [
 "libxc-rkernel-math",
]

[[package]]
name = "libxc-rkernel-mgga_x_vt84"
version = "0.1.0"
dependencies = [
 "libxc-rkernel-math",
]

[[package]]
name = "libxc-rkernel-mgga_xc_b98"
version = "0.1.0"
dependencies = [
 "libxc-rkernel-math",
]

[[package]]
name = "libxc-rkernel-mgga_xc_cc06"
version = "0.1.0"
dependencies = [
 "libxc-rkernel-math",
]

[[package]]
name = "libxc-rkernel-mgga_xc_lp90"
version = "0.1.0"
dependencies = [
 "libxc-rkernel-math",
]

[[package]]
name = "libxc-rkernel-mgga_xc_zlp"
version = "0.1.0"
dependencies = [
 "libxc-rkernel-math",
]

[[package]]
name = "libxc-rkernel-oracle"
version = "0.1.0"
dependencies = [
 "libxc-core",
 "libxc-reval",
 "libxc_rs-verify",
]

[[package]]
name = "libxc-sys"
version = "0.1.0"
dependencies = [
 "bindgen",
 "cmake",
]

[[package]]
name = "libxc_rs"
version = "0.1.0"
dependencies = [
 "libxc-compat",
 "libxc-core",
 "libxc-eval",
]

[[package]]
name = "libxc_rs-verify"
version = "0.1.0"
dependencies = [
 "anyhow",
 "libxc-sys",
 "libxc_rs",
]

[[package]]
name = "log"
version = "0.4.33"
source = "registry+https://github.com/rust-lang/crates.io-index"
checksum = "0ceec5bc11778974d1bcb055b18002eba7f4b3518b6a0081b3af5f21666da9ad"

[[package]]
name = "memchr"
version = "2.8.3"
source = "registry+https://github.com/rust-lang/crates.io-index"
checksum = "cf8baf1c55e62ffcace7a9f06f4bd9cd3f0c4beb022d3b367256b91b87513d98"

[[package]]
name = "minimal-lexical"
version = "0.2.1"
source = "registry+https://github.com/rust-lang/crates.io-index"
checksum = "68354c5c6bd36d73ff3feceb05efa59b6acb7626617f4962be322a825e61f79a"

[[package]]
name = "nom"
version = "7.1.3"
source = "registry+https://github.com/rust-lang/crates.io-index"
checksum = "d273983c5a657a70a3e8f2a01329822f3b8c8172b73826411a55751e404a0a4a"
dependencies = [
 "memchr",
 "minimal-lexical",
]

[[package]]
name = "prettyplease"
version = "0.2.37"
source = "registry+https://github.com/rust-lang/crates.io-index"
checksum = "479ca8adacdd7ce8f1fb39ce9ecccbfe93a3f1344b3d0d97f20bc0196208f62b"
dependencies = [
 "proc-macro2",
 "syn 2.0.119",
]

[[package]]
name = "proc-macro2"
version = "1.0.107"
source = "registry+https://github.com/rust-lang/crates.io-index"
checksum = "985e7ec9bb745e6ce6535b544d84d6cd6f7ad8bd711c398938ae983b91a766d9"
dependencies = [
 "unicode-ident",
]

[[package]]
name = "quote"
version = "1.0.47"
source = "registry+https://github.com/rust-lang/crates.io-index"
checksum = "1fbf4db142a473a8d80c26bbf18454ed458bf8d26c8219c331daecfdbd079001"
dependencies = [
 "proc-macro2",
]

[[package]]
name = "rayon"
version = "1.12.0"
source = "registry+https://github.com/rust-lang/crates.io-index"
checksum = "fb39b166781f92d482534ef4b4b1b2568f42613b53e5b6c160e24cfbfa30926d"
dependencies = [
 "either",
 "rayon-core",
]

[[package]]
name = "rayon-core"
version = "1.13.0"
source = "registry+https://github.com/rust-lang/crates.io-index"
checksum = "22e18b0f0062d30d4230b2e85ff77fdfe4326feb054b9783a3460d8435c8ab91"
dependencies = [
 "crossbeam-deque",
 "crossbeam-utils",
]

[[package]]
name = "regex"
version = "1.13.1"
source = "registry+https://github.com/rust-lang/crates.io-index"
checksum = "f020237b6c8eed93db2e2cb53c00c60a8e1bc73da7d073199a1180401450218d"
dependencies = [
 "aho-corasick",
 "memchr",
 "regex-automata",
 "regex-syntax",
]

[[package]]
name = "regex-automata"
version = "0.4.18"
source = "registry+https://github.com/rust-lang/crates.io-index"
checksum = "ad8553b9b26413251cbf30e620595c7a41b3887f03da04579c0e6b0d6a06b4b2"
dependencies = [
 "aho-corasick",
 "memchr",
 "regex-syntax",
]

[[package]]
name = "regex-syntax"
version = "0.8.11"
source = "registry+https://github.com/rust-lang/crates.io-index"
checksum = "d6f6ff9a378485b298a5286656da665ba74413d36db0979633275d2e708145d4"

[[package]]
name = "rmath"
version = "0.1.0"
dependencies = [
 "wide",
]

[[package]]
name = "rustc-hash"
version = "2.1.3"
source = "registry+https://github.com/rust-lang/crates.io-index"
checksum = "6b1e7f9a428571be2dc5bc0505c13fb6bf936822b894ec87abf8a08a4e51742d"

[[package]]
name = "safe_arch"
version = "1.2.0"
source = "registry+https://github.com/rust-lang/crates.io-index"
checksum = "42c6efa15875e6ecb39ca61fb0b0c1a40b84fac5a5ffe71eef7d1000c8eb3f5f"
dependencies = [
 "bytemuck",
]

[[package]]
name = "shlex"
version = "1.3.0"
source = "registry+https://github.com/rust-lang/crates.io-index"
checksum = "0fda2ff0d084019ba4d7c6f371c95d8fd75ce3524c3cb8fb653a3023f6323e64"

[[package]]
name = "shlex"
version = "2.0.1"
source = "registry+https://github.com/rust-lang/crates.io-index"
checksum = "f8fadd59c855ef2080decdef8ff161eb6661b86933c9d82e5ba29dc602a55aba"

[[package]]
name = "syn"
version = "2.0.119"
source = "registry+https://github.com/rust-lang/crates.io-index"
checksum = "872831b642d1a07999a962a351ed35b955ea2cfc8f3862091e2a240a84f17297"
dependencies = [
 "proc-macro2",
 "quote",
 "unicode-ident",
]

[[package]]
name = "syn"
version = "3.0.3"
source = "registry+https://github.com/rust-lang/crates.io-index"
checksum = "53e9bae58849f64dfa4f5d5ae372c8341f7305f82a3868709269343628b659a3"
dependencies = [
 "proc-macro2",
 "quote",
 "unicode-ident",
]

[[package]]
name = "thiserror"
version = "2.0.20"
source = "registry+https://github.com/rust-lang/crates.io-index"
checksum = "ec86235f5fcc2a73650310756d2ac5b138a5780bbbdfae3eeccec992c435ba4f"
dependencies = [
 "thiserror-impl",
]

[[package]]
name = "thiserror-impl"
version = "2.0.20"
source = "registry+https://github.com/rust-lang/crates.io-index"
checksum = "bc04cd3e1236dd4a98afca4569f2deb3f120e5422a4023be2cb683f8486292af"
dependencies = [
 "proc-macro2",
 "quote",
 "syn 3.0.3",
]

[[package]]
name = "unicode-ident"
version = "1.0.24"
source = "registry+https://github.com/rust-lang/crates.io-index"
checksum = "e6e4313cd5fcd3dad5cafa179702e2b244f760991f45397d14d4ebf38247da75"

[[package]]
name = "wide"
version = "1.6.1"
source = "registry+https://github.com/rust-lang/crates.io-index"
checksum = "de2aaf408e58689c2096682331b1f42bb2d9f2ed6b11560407d023cd0a6c634e"
dependencies = [
 "bytemuck",
 "safe_arch",
]

[[package]]
name = "windows-link"
version = "0.2.1"
source = "registry+https://github.com/rust-lang/crates.io-index"
checksum = "f0805222e57f7521d6a62e36fa9163bc891acd422f971defe97d64e70d0a4fe5"
