# This file is automatically @generated by Cargo.
# It is not intended for manual editing.
version = 4

[[package]]
name = "libxc-rkernel-math"
version = "0.1.0"

[[package]]
name = "libxc-rkernel-mgga_c_tpss"
version = "0.1.0"
dependencies = [
 "libxc-rkernel-math",
 "libxc-rkernel-mgga_c_tpss_p0",
 "libxc-rkernel-mgga_c_tpss_p1",
 "libxc-rkernel-mgga_c_tpss_p2",
 "libxc-rkernel-mgga_c_tpss_p3",
 "libxc-rkernel-mgga_c_tpss_p4",
 "libxc-rkernel-mgga_c_tpss_p5",
]

[[package]]
name = "libxc-rkernel-mgga_c_tpss_p0"
version = "0.1.0"
dependencies = [
 "libxc-rkernel-math",
]

[[package]]
name = "libxc-rkernel-mgga_c_tpss_p1"
version = "0.1.0"
dependencies = [
 "libxc-rkernel-math",
]

[[package]]
name = "libxc-rkernel-mgga_c_tpss_p2"
version = "0.1.0"
dependencies = [
 "libxc-rkernel-math",
]

[[package]]
name = "libxc-rkernel-mgga_c_tpss_p3"
version = "0.1.0"
dependencies = [
 "libxc-rkernel-math",
]

[[package]]
name = "libxc-rkernel-mgga_c_tpss_p4"
version = "0.1.0"
dependencies = [
 "libxc-rkernel-math",
]

[[package]]
name = "libxc-rkernel-mgga_c_tpss_p5"
version = "0.1.0"
dependencies = [
 "libxc-rkernel-math",
]
